
Microsoft Visual Studio Solution File, Format Version 12.00
# Visual Studio Version 17
VisualStudioVersion = 17.10.35027.167
MinimumVisualStudioVersion = 10.0.40219.1
Project("{9A19103F-16F7-4668-BE54-9A1E7A4F7556}") = "EasyBD", "EasyBD.csproj", "{53E3D84C-9A9A-4882-BC5B-644AC7E36199}"
EndProject
Project("{2150E333-8FDC-42A3-9474-1A3956D46DE8}") = "Элементы решения", "Элементы решения", "{457D18EA-4FAC-4C8F-9D15-0E0FBD62D4D6}"
	ProjectSection(SolutionItems) = preProject
		commandslist.txt = commandslist.txt
	EndProjectSection
EndProject
Global
	GlobalSection(SolutionConfigurationPlatforms) = preSolution
		Debug|Any CPU = Debug|Any CPU
		Release|Any CPU = Release|Any CPU
	EndGlobalSection
	GlobalSection(ProjectConfigurationPlatforms) = postSolution
		{53E3D84C-9A9A-4882-BC5B-644AC7E36199}.Debug|Any CPU.ActiveCfg = Debug|Any CPU
		{53E3D84C-9A9A-4882-BC5B-644AC7E36199}.Debug|Any CPU.Build.0 = Debug|Any CPU
		{53E3D84C-9A9A-4882-BC5B-644AC7E36199}.Release|Any CPU.ActiveCfg = Release|Any CPU
		{53E3D84C-9A9A-4882-BC5B-644AC7E36199}.Release|Any CPU.Build.0 = Release|Any CPU
	EndGlobalSection
	GlobalSection(SolutionProperties) = preSolution
		HideSolutionNode = FALSE
	EndGlobalSection
	GlobalSection(ExtensibilityGlobals) = postSolution
		SolutionGuid = {2914B17B-3F2A-491C-869C-94C491B3CF77}
	EndGlobalSection
EndGlobal
